// !$*UTF8*$!
{
	archiveVersion = 1;
	classes = {
	};
	objectVersion = 55;
	objects = {

/* Begin PBXBuildFile section */
		7842098B2869E103000BA72E /* ArraySortExtension.swift in Sources */ = {isa = PBXBuildFile; fileRef = 7842098A2869E103000BA72E /* ArraySortExtension.swift */; };
		7842098D2869E9A4000BA72E /* IssueSortPicker.swift in Sources */ = {isa = PBXBuildFile; fileRef = 7842098C2869E9A4000BA72E /* IssueSortPicker.swift */; };
		786E7F5A285E3BE700C5A87D /* IssueViewModel.swift in Sources */ = {isa = PBXBuildFile; fileRef = 786E7F59285E3BE700C5A87D /* IssueViewModel.swift */; };
		786E7F6E285E3C1000C5A87D /* Issue.swift in Sources */ = {isa = PBXBuildFile; fileRef = 786E7F5B285E3C1000C5A87D /* Issue.swift */; };
		786E7F6F285E3C1000C5A87D /* TabViews.swift in Sources */ = {isa = PBXBuildFile; fileRef = 786E7F5D285E3C1000C5A87D /* TabViews.swift */; };
		786E7F70285E3C1000C5A87D /* CodeSnippet.swift in Sources */ = {isa = PBXBuildFile; fileRef = 786E7F5F285E3C1000C5A87D /* CodeSnippet.swift */; };
		786E7F71285E3C1000C5A87D /* NewIssueButton.swift in Sources */ = {isa = PBXBuildFile; fileRef = 786E7F60285E3C1000C5A87D /* NewIssueButton.swift */; };
		786E7F72285E3C1000C5A87D /* IssuePage.swift in Sources */ = {isa = PBXBuildFile; fileRef = 786E7F61285E3C1000C5A87D /* IssuePage.swift */; };
		786E7F73285E3C1000C5A87D /* NewIssue.swift in Sources */ = {isa = PBXBuildFile; fileRef = 786E7F63285E3C1000C5A87D /* NewIssue.swift */; };
		786E7F74285E3C1000C5A87D /* CreateButton.swift in Sources */ = {isa = PBXBuildFile; fileRef = 786E7F64285E3C1000C5A87D /* CreateButton.swift */; };
		786E7F75285E3C1000C5A87D /* CodeSnippetTextEditör.swift in Sources */ = {isa = PBXBuildFile; fileRef = 786E7F65285E3C1000C5A87D /* CodeSnippetTextEditör.swift */; };
		786E7F76285E3C1000C5A87D /* IssueDetails.swift in Sources */ = {isa = PBXBuildFile; fileRef = 786E7F66285E3C1000C5A87D /* IssueDetails.swift */; };
		786E7F77285E3C1000C5A87D /* UserSelfIssueRow.swift in Sources */ = {isa = PBXBuildFile; fileRef = 786E7F67285E3C1000C5A87D /* UserSelfIssueRow.swift */; };
		786E7F78285E3C1000C5A87D /* IssueItem.swift in Sources */ = {isa = PBXBuildFile; fileRef = 786E7F68285E3C1000C5A87D /* IssueItem.swift */; };
		786E7F79285E3C1000C5A87D /* IssuesGrid.swift in Sources */ = {isa = PBXBuildFile; fileRef = 786E7F69285E3C1000C5A87D /* IssuesGrid.swift */; };
		786E7F7A285E3C1000C5A87D /* ScreenBounds.swift in Sources */ = {isa = PBXBuildFile; fileRef = 786E7F6B285E3C1000C5A87D /* ScreenBounds.swift */; };
		786E7F7C285E3C1000C5A87D /* HiddenExtension.swift in Sources */ = {isa = PBXBuildFile; fileRef = 786E7F6D285E3C1000C5A87D /* HiddenExtension.swift */; };
		786E7F7F285E3E8300C5A87D /* MarkdownUI in Frameworks */ = {isa = PBXBuildFile; productRef = 786E7F7E285E3E8300C5A87D /* MarkdownUI */; };
		F82B786B277DE43F00454636 /* ChatLogView.swift in Sources */ = {isa = PBXBuildFile; fileRef = F82B786A277DE43F00454636 /* ChatLogView.swift */; };
		F852497E2783376300876F9C /* RecentMessage.swift in Sources */ = {isa = PBXBuildFile; fileRef = F852497D2783376300876F9C /* RecentMessage.swift */; };
		F8524980278337BF00876F9C /* ChatMessage.swift in Sources */ = {isa = PBXBuildFile; fileRef = F852497F278337BF00876F9C /* ChatMessage.swift */; };
		F852498227833B6B00876F9C /* FirebaseConstants.swift in Sources */ = {isa = PBXBuildFile; fileRef = F852498127833B6B00876F9C /* FirebaseConstants.swift */; };
		F8524985278385E000876F9C /* FirebaseAuth in Frameworks */ = {isa = PBXBuildFile; productRef = F8524984278385E000876F9C /* FirebaseAuth */; };
		F8524987278385E000876F9C /* FirebaseFirestore in Frameworks */ = {isa = PBXBuildFile; productRef = F8524986278385E000876F9C /* FirebaseFirestore */; };
		F8524989278385E000876F9C /* FirebaseFirestoreSwift-Beta in Frameworks */ = {isa = PBXBuildFile; productRef = F8524988278385E000876F9C /* FirebaseFirestoreSwift-Beta */; };
		F852498B278385E000876F9C /* FirebaseStorage in Frameworks */ = {isa = PBXBuildFile; productRef = F852498A278385E000876F9C /* FirebaseStorage */; };
		F8959F072803AB57009B1E03 /* ReadMe.md in Resources */ = {isa = PBXBuildFile; fileRef = F8959F062803AB57009B1E03 /* ReadMe.md */; };
		F8D4E73B277A0DF000F55027 /* SwiftUIFirebaseChatApp.swift in Sources */ = {isa = PBXBuildFile; fileRef = F8D4E73A277A0DF000F55027 /* SwiftUIFirebaseChatApp.swift */; };
		F8D4E73D277A0DF000F55027 /* LoginView.swift in Sources */ = {isa = PBXBuildFile; fileRef = F8D4E73C277A0DF000F55027 /* LoginView.swift */; };
		F8D4E73F277A0DF100F55027 /* Assets.xcassets in Resources */ = {isa = PBXBuildFile; fileRef = F8D4E73E277A0DF100F55027 /* Assets.xcassets */; };
		F8D4E742277A0DF100F55027 /* Preview Assets.xcassets in Resources */ = {isa = PBXBuildFile; fileRef = F8D4E741277A0DF100F55027 /* Preview Assets.xcassets */; };
		F8D4E74E277A2EDE00F55027 /* GoogleService-Info.plist in Resources */ = {isa = PBXBuildFile; fileRef = F8D4E74D277A2EDE00F55027 /* GoogleService-Info.plist */; };
		F8D4E750277A6D6100F55027 /* ImagePicker.swift in Sources */ = {isa = PBXBuildFile; fileRef = F8D4E74F277A6D6100F55027 /* ImagePicker.swift */; };
		F8D8D83E277CA72000244763 /* MainMessageView.swift in Sources */ = {isa = PBXBuildFile; fileRef = F8D8D83D277CA72000244763 /* MainMessageView.swift */; };
		F8D8D841277CBA4E00244763 /* FirebaseManager.swift in Sources */ = {isa = PBXBuildFile; fileRef = F8D8D840277CBA4E00244763 /* FirebaseManager.swift */; };
		F8D8D844277CD90E00244763 /* SDWebImageSwiftUI in Frameworks */ = {isa = PBXBuildFile; productRef = F8D8D843277CD90E00244763 /* SDWebImageSwiftUI */; };
		F8D8D847277CEEE500244763 /* ChatUser.swift in Sources */ = {isa = PBXBuildFile; fileRef = F8D8D846277CEEE500244763 /* ChatUser.swift */; };
		F8D8D84A277CF53400244763 /* CreateNewMessageView.swift in Sources */ = {isa = PBXBuildFile; fileRef = F8D8D849277CF53400244763 /* CreateNewMessageView.swift */; };
/* End PBXBuildFile section */

/* Begin PBXFileReference section */
		7842098A2869E103000BA72E /* ArraySortExtension.swift */ = {isa = PBXFileReference; lastKnownFileType = sourcecode.swift; path = ArraySortExtension.swift; sourceTree = "<group>"; };
		7842098C2869E9A4000BA72E /* IssueSortPicker.swift */ = {isa = PBXFileReference; lastKnownFileType = sourcecode.swift; path = IssueSortPicker.swift; sourceTree = "<group>"; };
		786E7F59285E3BE700C5A87D /* IssueViewModel.swift */ = {isa = PBXFileReference; fileEncoding = 4; lastKnownFileType = sourcecode.swift; path = IssueViewModel.swift; sourceTree = "<group>"; };
		786E7F5B285E3C1000C5A87D /* Issue.swift */ = {isa = PBXFileReference; fileEncoding = 4; lastKnownFileType = sourcecode.swift; path = Issue.swift; sourceTree = "<group>"; };
		786E7F5D285E3C1000C5A87D /* TabViews.swift */ = {isa = PBXFileReference; fileEncoding = 4; lastKnownFileType = sourcecode.swift; path = TabViews.swift; sourceTree = "<group>"; };
		786E7F5F285E3C1000C5A87D /* CodeSnippet.swift */ = {isa = PBXFileReference; fileEncoding = 4; lastKnownFileType = sourcecode.swift; path = CodeSnippet.swift; sourceTree = "<group>"; };
		786E7F60285E3C1000C5A87D /* NewIssueButton.swift */ = {isa = PBXFileReference; fileEncoding = 4; lastKnownFileType = sourcecode.swift; path = NewIssueButton.swift; sourceTree = "<group>"; };
		786E7F61285E3C1000C5A87D /* IssuePage.swift */ = {isa = PBXFileReference; fileEncoding = 4; lastKnownFileType = sourcecode.swift; path = IssuePage.swift; sourceTree = "<group>"; };
		786E7F63285E3C1000C5A87D /* NewIssue.swift */ = {isa = PBXFileReference; fileEncoding = 4; lastKnownFileType = sourcecode.swift; path = NewIssue.swift; sourceTree = "<group>"; };
		786E7F64285E3C1000C5A87D /* CreateButton.swift */ = {isa = PBXFileReference; fileEncoding = 4; lastKnownFileType = sourcecode.swift; path = CreateButton.swift; sourceTree = "<group>"; };
		786E7F65285E3C1000C5A87D /* CodeSnippetTextEditör.swift */ = {isa = PBXFileReference; fileEncoding = 4; lastKnownFileType = sourcecode.swift; path = "CodeSnippetTextEditör.swift"; sourceTree = "<group>"; };
		786E7F66285E3C1000C5A87D /* IssueDetails.swift */ = {isa = PBXFileReference; fileEncoding = 4; lastKnownFileType = sourcecode.swift; path = IssueDetails.swift; sourceTree = "<group>"; };
		786E7F67285E3C1000C5A87D /* UserSelfIssueRow.swift */ = {isa = PBXFileReference; fileEncoding = 4; lastKnownFileType = sourcecode.swift; path = UserSelfIssueRow.swift; sourceTree = "<group>"; };
		786E7F68285E3C1000C5A87D /* IssueItem.swift */ = {isa = PBXFileReference; fileEncoding = 4; lastKnownFileType = sourcecode.swift; path = IssueItem.swift; sourceTree = "<group>"; };
		786E7F69285E3C1000C5A87D /* IssuesGrid.swift */ = {isa = PBXFileReference; fileEncoding = 4; lastKnownFileType = sourcecode.swift; path = IssuesGrid.swift; sourceTree = "<group>"; };
		786E7F6B285E3C1000C5A87D /* ScreenBounds.swift */ = {isa = PBXFileReference; fileEncoding = 4; lastKnownFileType = sourcecode.swift; path = ScreenBounds.swift; sourceTree = "<group>"; };
		786E7F6D285E3C1000C5A87D /* HiddenExtension.swift */ = {isa = PBXFileReference; fileEncoding = 4; lastKnownFileType = sourcecode.swift; path = HiddenExtension.swift; sourceTree = "<group>"; };
		F82B786A277DE43F00454636 /* ChatLogView.swift */ = {isa = PBXFileReference; lastKnownFileType = sourcecode.swift; path = ChatLogView.swift; sourceTree = "<group>"; };
		F852497D2783376300876F9C /* RecentMessage.swift */ = {isa = PBXFileReference; lastKnownFileType = sourcecode.swift; path = RecentMessage.swift; sourceTree = "<group>"; };
		F852497F278337BF00876F9C /* ChatMessage.swift */ = {isa = PBXFileReference; lastKnownFileType = sourcecode.swift; path = ChatMessage.swift; sourceTree = "<group>"; };
		F852498127833B6B00876F9C /* FirebaseConstants.swift */ = {isa = PBXFileReference; lastKnownFileType = sourcecode.swift; path = FirebaseConstants.swift; sourceTree = "<group>"; };
		F8959F062803AB57009B1E03 /* ReadMe.md */ = {isa = PBXFileReference; lastKnownFileType = net.daringfireball.markdown; path = ReadMe.md; sourceTree = "<group>"; };
		F8D4E737277A0DF000F55027 /* SwiftUIFirebaseChat.app */ = {isa = PBXFileReference; explicitFileType = wrapper.application; includeInIndex = 0; path = SwiftUIFirebaseChat.app; sourceTree = BUILT_PRODUCTS_DIR; };
		F8D4E73A277A0DF000F55027 /* SwiftUIFirebaseChatApp.swift */ = {isa = PBXFileReference; lastKnownFileType = sourcecode.swift; path = SwiftUIFirebaseChatApp.swift; sourceTree = "<group>"; };
		F8D4E73C277A0DF000F55027 /* LoginView.swift */ = {isa = PBXFileReference; lastKnownFileType = sourcecode.swift; path = LoginView.swift; sourceTree = "<group>"; };
		F8D4E73E277A0DF100F55027 /* Assets.xcassets */ = {isa = PBXFileReference; lastKnownFileType = folder.assetcatalog; path = Assets.xcassets; sourceTree = "<group>"; };
		F8D4E741277A0DF100F55027 /* Preview Assets.xcassets */ = {isa = PBXFileReference; lastKnownFileType = folder.assetcatalog; path = "Preview Assets.xcassets"; sourceTree = "<group>"; };
		F8D4E74D277A2EDE00F55027 /* GoogleService-Info.plist */ = {isa = PBXFileReference; fileEncoding = 4; lastKnownFileType = text.plist.xml; path = "GoogleService-Info.plist"; sourceTree = "<group>"; };
		F8D4E74F277A6D6100F55027 /* ImagePicker.swift */ = {isa = PBXFileReference; lastKnownFileType = sourcecode.swift; path = ImagePicker.swift; sourceTree = "<group>"; };
		F8D8D83D277CA72000244763 /* MainMessageView.swift */ = {isa = PBXFileReference; lastKnownFileType = sourcecode.swift; path = MainMessageView.swift; sourceTree = "<group>"; };
		F8D8D840277CBA4E00244763 /* FirebaseManager.swift */ = {isa = PBXFileReference; lastKnownFileType = sourcecode.swift; path = FirebaseManager.swift; sourceTree = "<group>"; };
		F8D8D846277CEEE500244763 /* ChatUser.swift */ = {isa = PBXFileReference; lastKnownFileType = sourcecode.swift; path = ChatUser.swift; sourceTree = "<group>"; };
		F8D8D849277CF53400244763 /* CreateNewMessageView.swift */ = {isa = PBXFileReference; lastKnownFileType = sourcecode.swift; path = CreateNewMessageView.swift; sourceTree = "<group>"; };
/* End PBXFileReference section */

/* Begin PBXFrameworksBuildPhase section */
		F8D4E734277A0DF000F55027 /* Frameworks */ = {
			isa = PBXFrameworksBuildPhase;
			buildActionMask = 2147483647;
			files = (
				F8D8D844277CD90E00244763 /* SDWebImageSwiftUI in Frameworks */,
				F8524989278385E000876F9C /* FirebaseFirestoreSwift-Beta in Frameworks */,
				F8524985278385E000876F9C /* FirebaseAuth in Frameworks */,
				786E7F7F285E3E8300C5A87D /* MarkdownUI in Frameworks */,
				F852498B278385E000876F9C /* FirebaseStorage in Frameworks */,
				F8524987278385E000876F9C /* FirebaseFirestore in Frameworks */,
			);
			runOnlyForDeploymentPostprocessing = 0;
		};
/* End PBXFrameworksBuildPhase section */

/* Begin PBXGroup section */
		786E7F58285E3BE700C5A87D /* ViewModel */ = {
			isa = PBXGroup;
			children = (
				786E7F59285E3BE700C5A87D /* IssueViewModel.swift */,
			);
			path = ViewModel;
			sourceTree = "<group>";
		};
		786E7F5C285E3C1000C5A87D /* View */ = {
			isa = PBXGroup;
			children = (
				786E7F5D285E3C1000C5A87D /* TabViews.swift */,
				786E7F5E285E3C1000C5A87D /* IssuesView */,
			);
			path = View;
			sourceTree = "<group>";
		};
		786E7F5E285E3C1000C5A87D /* IssuesView */ = {
			isa = PBXGroup;
			children = (
				786E7F61285E3C1000C5A87D /* IssuePage.swift */,
				786E7F60285E3C1000C5A87D /* NewIssueButton.swift */,
				7842098C2869E9A4000BA72E /* IssueSortPicker.swift */,
				786E7F67285E3C1000C5A87D /* UserSelfIssueRow.swift */,
				786E7F69285E3C1000C5A87D /* IssuesGrid.swift */,
				786E7F68285E3C1000C5A87D /* IssueItem.swift */,
				786E7F66285E3C1000C5A87D /* IssueDetails.swift */,
				786E7F5F285E3C1000C5A87D /* CodeSnippet.swift */,
				786E7F62285E3C1000C5A87D /* NewIssue */,
			);
			path = IssuesView;
			sourceTree = "<group>";
		};
		786E7F62285E3C1000C5A87D /* NewIssue */ = {
			isa = PBXGroup;
			children = (
				786E7F63285E3C1000C5A87D /* NewIssue.swift */,
				786E7F64285E3C1000C5A87D /* CreateButton.swift */,
				786E7F65285E3C1000C5A87D /* CodeSnippetTextEditör.swift */,
			);
			path = NewIssue;
			sourceTree = "<group>";
		};
		786E7F6A285E3C1000C5A87D /* Helpers */ = {
			isa = PBXGroup;
			children = (
				786E7F6B285E3C1000C5A87D /* ScreenBounds.swift */,
				786E7F6D285E3C1000C5A87D /* HiddenExtension.swift */,
				7842098A2869E103000BA72E /* ArraySortExtension.swift */,
			);
			path = Helpers;
			sourceTree = "<group>";
		};
		F82B7869277DE41D00454636 /* Chat */ = {
			isa = PBXGroup;
			children = (
				F82B786A277DE43F00454636 /* ChatLogView.swift */,
			);
			path = Chat;
			sourceTree = "<group>";
		};
		F8D4E72E277A0DF000F55027 = {
			isa = PBXGroup;
			children = (
				F8959F062803AB57009B1E03 /* ReadMe.md */,
				F8D4E739277A0DF000F55027 /* SwiftUIFirebaseChat */,
				F8D4E738277A0DF000F55027 /* Products */,
			);
			sourceTree = "<group>";
		};
		F8D4E738277A0DF000F55027 /* Products */ = {
			isa = PBXGroup;
			children = (
				F8D4E737277A0DF000F55027 /* SwiftUIFirebaseChat.app */,
			);
			name = Products;
			sourceTree = "<group>";
		};
		F8D4E739277A0DF000F55027 /* SwiftUIFirebaseChat */ = {
			isa = PBXGroup;
			children = (
				786E7F6A285E3C1000C5A87D /* Helpers */,
				786E7F5C285E3C1000C5A87D /* View */,
				786E7F58285E3BE700C5A87D /* ViewModel */,
				F8D8D845277CEEB400244763 /* Model */,
				F8D8D83F277CBA1F00244763 /* Utils */,
				F8D8D83C277CA67A00244763 /* MainMessage */,
				F8D4E73A277A0DF000F55027 /* SwiftUIFirebaseChatApp.swift */,
				F8D4E73C277A0DF000F55027 /* LoginView.swift */,
				F8D4E74F277A6D6100F55027 /* ImagePicker.swift */,
				F8D4E74D277A2EDE00F55027 /* GoogleService-Info.plist */,
				F8D4E73E277A0DF100F55027 /* Assets.xcassets */,
				F8D4E740277A0DF100F55027 /* Preview Content */,
			);
			path = SwiftUIFirebaseChat;
			sourceTree = "<group>";
		};
		F8D4E740277A0DF100F55027 /* Preview Content */ = {
			isa = PBXGroup;
			children = (
				F8D4E741277A0DF100F55027 /* Preview Assets.xcassets */,
			);
			path = "Preview Content";
			sourceTree = "<group>";
		};
		F8D8D83C277CA67A00244763 /* MainMessage */ = {
			isa = PBXGroup;
			children = (
				F82B7869277DE41D00454636 /* Chat */,
				F8D8D848277CF50800244763 /* NewMessage */,
				F8D8D83D277CA72000244763 /* MainMessageView.swift */,
			);
			path = MainMessage;
			sourceTree = "<group>";
		};
		F8D8D83F277CBA1F00244763 /* Utils */ = {
			isa = PBXGroup;
			children = (
				F8D8D840277CBA4E00244763 /* FirebaseManager.swift */,
				F852498127833B6B00876F9C /* FirebaseConstants.swift */,
			);
			path = Utils;
			sourceTree = "<group>";
		};
		F8D8D845277CEEB400244763 /* Model */ = {
			isa = PBXGroup;
			children = (
				786E7F5B285E3C1000C5A87D /* Issue.swift */,
				F8D8D846277CEEE500244763 /* ChatUser.swift */,
				F852497F278337BF00876F9C /* ChatMessage.swift */,
				F852497D2783376300876F9C /* RecentMessage.swift */,
			);
			path = Model;
			sourceTree = "<group>";
		};
		F8D8D848277CF50800244763 /* NewMessage */ = {
			isa = PBXGroup;
			children = (
				F8D8D849277CF53400244763 /* CreateNewMessageView.swift */,
			);
			path = NewMessage;
			sourceTree = "<group>";
		};
/* End PBXGroup section */

/* Begin PBXNativeTarget section */
		F8D4E736277A0DF000F55027 /* SwiftUIFirebaseChat */ = {
			isa = PBXNativeTarget;
			buildConfigurationList = F8D4E745277A0DF100F55027 /* Build configuration list for PBXNativeTarget "SwiftUIFirebaseChat" */;
			buildPhases = (
				F8D4E733277A0DF000F55027 /* Sources */,
				F8D4E734277A0DF000F55027 /* Frameworks */,
				F8D4E735277A0DF000F55027 /* Resources */,
			);
			buildRules = (
			);
			dependencies = (
			);
			name = SwiftUIFirebaseChat;
			packageProductDependencies = (
				F8D8D843277CD90E00244763 /* SDWebImageSwiftUI */,
				F8524984278385E000876F9C /* FirebaseAuth */,
				F8524986278385E000876F9C /* FirebaseFirestore */,
				F8524988278385E000876F9C /* FirebaseFirestoreSwift-Beta */,
				F852498A278385E000876F9C /* FirebaseStorage */,
				786E7F7E285E3E8300C5A87D /* MarkdownUI */,
			);
			productName = SwiftUIFirebaseChat;
			productReference = F8D4E737277A0DF000F55027 /* SwiftUIFirebaseChat.app */;
			productType = "com.apple.product-type.application";
		};
/* End PBXNativeTarget section */

/* Begin PBXProject section */
		F8D4E72F277A0DF000F55027 /* Project object */ = {
			isa = PBXProject;
			attributes = {
				BuildIndependentTargetsInParallel = 1;
				LastSwiftUpdateCheck = 1320;
				LastUpgradeCheck = 1320;
				TargetAttributes = {
					F8D4E736277A0DF000F55027 = {
						CreatedOnToolsVersion = 13.2.1;
					};
				};
			};
			buildConfigurationList = F8D4E732277A0DF000F55027 /* Build configuration list for PBXProject "SwiftUIFirebaseChat" */;
			compatibilityVersion = "Xcode 13.0";
			developmentRegion = en;
			hasScannedForEncodings = 0;
			knownRegions = (
				en,
				Base,
			);
			mainGroup = F8D4E72E277A0DF000F55027;
			packageReferences = (
				F8D8D842277CD90E00244763 /* XCRemoteSwiftPackageReference "SDWebImageSwiftUI" */,
				F8524983278385E000876F9C /* XCRemoteSwiftPackageReference "firebase-ios-sdk" */,
				786E7F7D285E3E8200C5A87D /* XCRemoteSwiftPackageReference "MarkdownUI" */,
			);
			productRefGroup = F8D4E738277A0DF000F55027 /* Products */;
			projectDirPath = "";
			projectRoot = "";
			targets = (
				F8D4E736277A0DF000F55027 /* SwiftUIFirebaseChat */,
			);
		};
/* End PBXProject section */

/* Begin PBXResourcesBuildPhase section */
		F8D4E735277A0DF000F55027 /* Resources */ = {
			isa = PBXResourcesBuildPhase;
			buildActionMask = 2147483647;
			files = (
				F8D4E742277A0DF100F55027 /* Preview Assets.xcassets in Resources */,
				F8D4E74E277A2EDE00F55027 /* GoogleService-Info.plist in Resources */,
				F8959F072803AB57009B1E03 /* ReadMe.md in Resources */,
				F8D4E73F277A0DF100F55027 /* Assets.xcassets in Resources */,
			);
			runOnlyForDeploymentPostprocessing = 0;
		};
/* End PBXResourcesBuildPhase section */

/* Begin PBXSourcesBuildPhase section */
		F8D4E733277A0DF000F55027 /* Sources */ = {
			isa = PBXSourcesBuildPhase;
			buildActionMask = 2147483647;
			files = (
				F8D8D847277CEEE500244763 /* ChatUser.swift in Sources */,
				786E7F78285E3C1000C5A87D /* IssueItem.swift in Sources */,
				F82B786B277DE43F00454636 /* ChatLogView.swift in Sources */,
				786E7F72285E3C1000C5A87D /* IssuePage.swift in Sources */,
				F852497E2783376300876F9C /* RecentMessage.swift in Sources */,
				786E7F6E285E3C1000C5A87D /* Issue.swift in Sources */,
				F852498227833B6B00876F9C /* FirebaseConstants.swift in Sources */,
				786E7F5A285E3BE700C5A87D /* IssueViewModel.swift in Sources */,
				786E7F70285E3C1000C5A87D /* CodeSnippet.swift in Sources */,
				786E7F73285E3C1000C5A87D /* NewIssue.swift in Sources */,
				786E7F77285E3C1000C5A87D /* UserSelfIssueRow.swift in Sources */,
				7842098D2869E9A4000BA72E /* IssueSortPicker.swift in Sources */,
				F8524980278337BF00876F9C /* ChatMessage.swift in Sources */,
				F8D4E750277A6D6100F55027 /* ImagePicker.swift in Sources */,
				786E7F75285E3C1000C5A87D /* CodeSnippetTextEditör.swift in Sources */,
				786E7F7C285E3C1000C5A87D /* HiddenExtension.swift in Sources */,
				7842098B2869E103000BA72E /* ArraySortExtension.swift in Sources */,
				786E7F74285E3C1000C5A87D /* CreateButton.swift in Sources */,
				F8D8D83E277CA72000244763 /* MainMessageView.swift in Sources */,
				F8D8D841277CBA4E00244763 /* FirebaseManager.swift in Sources */,
				F8D8D84A277CF53400244763 /* CreateNewMessageView.swift in Sources */,
				F8D4E73D277A0DF000F55027 /* LoginView.swift in Sources */,
				786E7F6F285E3C1000C5A87D /* TabViews.swift in Sources */,
				786E7F76285E3C1000C5A87D /* IssueDetails.swift in Sources */,
				786E7F79285E3C1000C5A87D /* IssuesGrid.swift in Sources */,
				786E7F71285E3C1000C5A87D /* NewIssueButton.swift in Sources */,
				786E7F7A285E3C1000C5A87D /* ScreenBounds.swift in Sources */,
				F8D4E73B277A0DF000F55027 /* SwiftUIFirebaseChatApp.swift in Sources */,
			);
			runOnlyForDeploymentPostprocessing = 0;
		};
/* End PBXSourcesBuildPhase section */

/* Begin XCBuildConfiguration section */
		F8D4E743277A0DF100F55027 /* Debug */ = {
			isa = XCBuildConfiguration;
			buildSettings = {
				ALWAYS_SEARCH_USER_PATHS = NO;
				CLANG_ANALYZER_NONNULL = YES;
				CLANG_ANALYZER_NUMBER_OBJECT_CONVERSION = YES_AGGRESSIVE;
				CLANG_CXX_LANGUAGE_STANDARD = "gnu++17";
				CLANG_CXX_LIBRARY = "libc++";
				CLANG_ENABLE_MODULES = YES;
				CLANG_ENABLE_OBJC_ARC = YES;
				CLANG_ENABLE_OBJC_WEAK = YES;
				CLANG_WARN_BLOCK_CAPTURE_AUTORELEASING = YES;
				CLANG_WARN_BOOL_CONVERSION = YES;
				CLANG_WARN_COMMA = YES;
				CLANG_WARN_CONSTANT_CONVERSION = YES;
				CLANG_WARN_DEPRECATED_OBJC_IMPLEMENTATIONS = YES;
				CLANG_WARN_DIRECT_OBJC_ISA_USAGE = YES_ERROR;
				CLANG_WARN_DOCUMENTATION_COMMENTS = YES;
				CLANG_WARN_EMPTY_BODY = YES;
				CLANG_WARN_ENUM_CONVERSION = YES;
				CLANG_WARN_INFINITE_RECURSION = YES;
				CLANG_WARN_INT_CONVERSION = YES;
				CLANG_WARN_NON_LITERAL_NULL_CONVERSION = YES;
				CLANG_WARN_OBJC_IMPLICIT_RETAIN_SELF = YES;
				CLANG_WARN_OBJC_LITERAL_CONVERSION = YES;
				CLANG_WARN_OBJC_ROOT_CLASS = YES_ERROR;
				CLANG_WARN_QUOTED_INCLUDE_IN_FRAMEWORK_HEADER = YES;
				CLANG_WARN_RANGE_LOOP_ANALYSIS = YES;
				CLANG_WARN_STRICT_PROTOTYPES = YES;
				CLANG_WARN_SUSPICIOUS_MOVE = YES;
				CLANG_WARN_UNGUARDED_AVAILABILITY = YES_AGGRESSIVE;
				CLANG_WARN_UNREACHABLE_CODE = YES;
				CLANG_WARN__DUPLICATE_METHOD_MATCH = YES;
				COPY_PHASE_STRIP = NO;
				DEBUG_INFORMATION_FORMAT = dwarf;
				ENABLE_STRICT_OBJC_MSGSEND = YES;
				ENABLE_TESTABILITY = YES;
				GCC_C_LANGUAGE_STANDARD = gnu11;
				GCC_DYNAMIC_NO_PIC = NO;
				GCC_NO_COMMON_BLOCKS = YES;
				GCC_OPTIMIZATION_LEVEL = 0;
				GCC_PREPROCESSOR_DEFINITIONS = (
					"DEBUG=1",
					"$(inherited)",
				);
				GCC_WARN_64_TO_32_BIT_CONVERSION = YES;
				GCC_WARN_ABOUT_RETURN_TYPE = YES_ERROR;
				GCC_WARN_UNDECLARED_SELECTOR = YES;
				GCC_WARN_UNINITIALIZED_AUTOS = YES_AGGRESSIVE;
				GCC_WARN_UNUSED_FUNCTION = YES;
				GCC_WARN_UNUSED_VARIABLE = YES;
				IPHONEOS_DEPLOYMENT_TARGET = 15.2;
				MTL_ENABLE_DEBUG_INFO = INCLUDE_SOURCE;
				MTL_FAST_MATH = YES;
				ONLY_ACTIVE_ARCH = YES;
				SDKROOT = iphoneos;
				SWIFT_ACTIVE_COMPILATION_CONDITIONS = DEBUG;
				SWIFT_OPTIMIZATION_LEVEL = "-Onone";
			};
			name = Debug;
		};
		F8D4E744277A0DF100F55027 /* Release */ = {
			isa = XCBuildConfiguration;
			buildSettings = {
				ALWAYS_SEARCH_USER_PATHS = NO;
				CLANG_ANALYZER_NONNULL = YES;
				CLANG_ANALYZER_NUMBER_OBJECT_CONVERSION = YES_AGGRESSIVE;
				CLANG_CXX_LANGUAGE_STANDARD = "gnu++17";
				CLANG_CXX_LIBRARY = "libc++";
				CLANG_ENABLE_MODULES = YES;
				CLANG_ENABLE_OBJC_ARC = YES;
				CLANG_ENABLE_OBJC_WEAK = YES;
				CLANG_WARN_BLOCK_CAPTURE_AUTORELEASING = YES;
				CLANG_WARN_BOOL_CONVERSION = YES;
				CLANG_WARN_COMMA = YES;
				CLANG_WARN_CONSTANT_CONVERSION = YES;
				CLANG_WARN_DEPRECATED_OBJC_IMPLEMENTATIONS = YES;
				CLANG_WARN_DIRECT_OBJC_ISA_USAGE = YES_ERROR;
				CLANG_WARN_DOCUMENTATION_COMMENTS = YES;
				CLANG_WARN_EMPTY_BODY = YES;
				CLANG_WARN_ENUM_CONVERSION = YES;
				CLANG_WARN_INFINITE_RECURSION = YES;
				CLANG_WARN_INT_CONVERSION = YES;
				CLANG_WARN_NON_LITERAL_NULL_CONVERSION = YES;
				CLANG_WARN_OBJC_IMPLICIT_RETAIN_SELF = YES;
				CLANG_WARN_OBJC_LITERAL_CONVERSION = YES;
				CLANG_WARN_OBJC_ROOT_CLASS = YES_ERROR;
				CLANG_WARN_QUOTED_INCLUDE_IN_FRAMEWORK_HEADER = YES;
				CLANG_WARN_RANGE_LOOP_ANALYSIS = YES;
				CLANG_WARN_STRICT_PROTOTYPES = YES;
				CLANG_WARN_SUSPICIOUS_MOVE = YES;
				CLANG_WARN_UNGUARDED_AVAILABILITY = YES_AGGRESSIVE;
				CLANG_WARN_UNREACHABLE_CODE = YES;
				CLANG_WARN__DUPLICATE_METHOD_MATCH = YES;
				COPY_PHASE_STRIP = NO;
				DEBUG_INFORMATION_FORMAT = "dwarf-with-dsym";
				ENABLE_NS_ASSERTIONS = NO;
				ENABLE_STRICT_OBJC_MSGSEND = YES;
				GCC_C_LANGUAGE_STANDARD = gnu11;
				GCC_NO_COMMON_BLOCKS = YES;
				GCC_WARN_64_TO_32_BIT_CONVERSION = YES;
				GCC_WARN_ABOUT_RETURN_TYPE = YES_ERROR;
				GCC_WARN_UNDECLARED_SELECTOR = YES;
				GCC_WARN_UNINITIALIZED_AUTOS = YES_AGGRESSIVE;
				GCC_WARN_UNUSED_FUNCTION = YES;
				GCC_WARN_UNUSED_VARIABLE = YES;
				IPHONEOS_DEPLOYMENT_TARGET = 15.2;
				MTL_ENABLE_DEBUG_INFO = NO;
				MTL_FAST_MATH = YES;
				SDKROOT = iphoneos;
				SWIFT_COMPILATION_MODE = wholemodule;
				SWIFT_OPTIMIZATION_LEVEL = "-O";
				VALIDATE_PRODUCT = YES;
			};
			name = Release;
		};
		F8D4E746277A0DF100F55027 /* Debug */ = {
			isa = XCBuildConfiguration;
			buildSettings = {
				ASSETCATALOG_COMPILER_APPICON_NAME = AppIcon;
				ASSETCATALOG_COMPILER_GLOBAL_ACCENT_COLOR_NAME = AccentColor;
				CODE_SIGN_STYLE = Automatic;
				CURRENT_PROJECT_VERSION = 1;
				DEVELOPMENT_ASSET_PATHS = "\"SwiftUIFirebaseChat/Preview Content\"";
				DEVELOPMENT_TEAM = FY666BSAQ9;
				ENABLE_PREVIEWS = YES;
				GENERATE_INFOPLIST_FILE = YES;
				INFOPLIST_KEY_UIApplicationSceneManifest_Generation = YES;
				INFOPLIST_KEY_UIApplicationSupportsIndirectInputEvents = YES;
				INFOPLIST_KEY_UILaunchScreen_Generation = YES;
				INFOPLIST_KEY_UISupportedInterfaceOrientations_iPad = "UIInterfaceOrientationPortrait UIInterfaceOrientationPortraitUpsideDown UIInterfaceOrientationLandscapeLeft UIInterfaceOrientationLandscapeRight";
				INFOPLIST_KEY_UISupportedInterfaceOrientations_iPhone = "UIInterfaceOrientationPortrait UIInterfaceOrientationLandscapeLeft UIInterfaceOrientationLandscapeRight";
				LD_RUNPATH_SEARCH_PATHS = (
					"$(inherited)",
					"@executable_path/Frameworks",
				);
				MARKETING_VERSION = 1.0;
				PRODUCT_BUNDLE_IDENTIFIER = com.cht.SwiftUIFirebaseChat;
				PRODUCT_NAME = "$(TARGET_NAME)";
				SWIFT_EMIT_LOC_STRINGS = YES;
				SWIFT_VERSION = 5.0;
				TARGETED_DEVICE_FAMILY = 1;
			};
			name = Debug;
		};
		F8D4E747277A0DF100F55027 /* Release */ = {
			isa = XCBuildConfiguration;
			buildSettings = {
				ASSETCATALOG_COMPILER_APPICON_NAME = AppIcon;
				ASSETCATALOG_COMPILER_GLOBAL_ACCENT_COLOR_NAME = AccentColor;
				CODE_SIGN_STYLE = Automatic;
				CURRENT_PROJECT_VERSION = 1;
				DEVELOPMENT_ASSET_PATHS = "\"SwiftUIFirebaseChat/Preview Content\"";
				DEVELOPMENT_TEAM = FY666BSAQ9;
				ENABLE_PREVIEWS = YES;
				GENERATE_INFOPLIST_FILE = YES;
				INFOPLIST_KEY_UIApplicationSceneManifest_Generation = YES;
				INFOPLIST_KEY_UIApplicationSupportsIndirectInputEvents = YES;
				INFOPLIST_KEY_UILaunchScreen_Generation = YES;
				INFOPLIST_KEY_UISupportedInterfaceOrientations_iPad = "UIInterfaceOrientationPortrait UIInterfaceOrientationPortraitUpsideDown UIInterfaceOrientationLandscapeLeft UIInterfaceOrientationLandscapeRight";
				INFOPLIST_KEY_UISupportedInterfaceOrientations_iPhone = "UIInterfaceOrientationPortrait UIInterfaceOrientationLandscapeLeft UIInterfaceOrientationLandscapeRight";
				LD_RUNPATH_SEARCH_PATHS = (
					"$(inherited)",
					"@executable_path/Frameworks",
				);
				MARKETING_VERSION = 1.0;
				PRODUCT_BUNDLE_IDENTIFIER = com.cht.SwiftUIFirebaseChat;
				PRODUCT_NAME = "$(TARGET_NAME)";
				SWIFT_EMIT_LOC_STRINGS = YES;
				SWIFT_VERSION = 5.0;
				TARGETED_DEVICE_FAMILY = 1;
			};
			name = Release;
		};
/* End XCBuildConfiguration section */

/* Begin XCConfigurationList section */
		F8D4E732277A0DF000F55027 /* Build configuration list for PBXProject "SwiftUIFirebaseChat" */ = {
			isa = XCConfigurationList;
			buildConfigurations = (
				F8D4E743277A0DF100F55027 /* Debug */,
				F8D4E744277A0DF100F55027 /* Release */,
			);
			defaultConfigurationIsVisible = 0;
			defaultConfigurationName = Release;
		};
		F8D4E745277A0DF100F55027 /* Build configuration list for PBXNativeTarget "SwiftUIFirebaseChat" */ = {
			isa = XCConfigurationList;
			buildConfigurations = (
				F8D4E746277A0DF100F55027 /* Debug */,
				F8D4E747277A0DF100F55027 /* Release */,
			);
			defaultConfigurationIsVisible = 0;
			defaultConfigurationName = Release;
		};
/* End XCConfigurationList section */

/* Begin XCRemoteSwiftPackageReference section */
		786E7F7D285E3E8200C5A87D /* XCRemoteSwiftPackageReference "MarkdownUI" */ = {
			isa = XCRemoteSwiftPackageReference;
			repositoryURL = "https://github.com/gonzalezreal/MarkdownUI.git";
			requirement = {
				branch = main;
				kind = branch;
			};
		};
		F8524983278385E000876F9C /* XCRemoteSwiftPackageReference "firebase-ios-sdk" */ = {
			isa = XCRemoteSwiftPackageReference;
			repositoryURL = "https://github.com/firebase/firebase-ios-sdk.git";
			requirement = {
				kind = upToNextMajorVersion;
				minimumVersion = 8.0.0;
			};
		};
		F8D8D842277CD90E00244763 /* XCRemoteSwiftPackageReference "SDWebImageSwiftUI" */ = {
			isa = XCRemoteSwiftPackageReference;
			repositoryURL = "https://github.com/SDWebImage/SDWebImageSwiftUI";
			requirement = {
				branch = master;
				kind = branch;
			};
		};
/* End XCRemoteSwiftPackageReference section */

/* Begin XCSwiftPackageProductDependency section */
		786E7F7E285E3E8300C5A87D /* MarkdownUI */ = {
			isa = XCSwiftPackageProductDependency;
			package = 786E7F7D285E3E8200C5A87D /* XCRemoteSwiftPackageReference "MarkdownUI" */;
			productName = MarkdownUI;
		};
		F8524984278385E000876F9C /* FirebaseAuth */ = {
			isa = XCSwiftPackageProductDependency;
			package = F8524983278385E000876F9C /* XCRemoteSwiftPackageReference "firebase-ios-sdk" */;
			productName = FirebaseAuth;
		};
		F8524986278385E000876F9C /* FirebaseFirestore */ = {
			isa = XCSwiftPackageProductDependency;
			package = F8524983278385E000876F9C /* XCRemoteSwiftPackageReference "firebase-ios-sdk" */;
			productName = FirebaseFirestore;
		};
		F8524988278385E000876F9C /* FirebaseFirestoreSwift-Beta */ = {
			isa = XCSwiftPackageProductDependency;
			package = F8524983278385E000876F9C /* XCRemoteSwiftPackageReference "firebase-ios-sdk" */;
			productName = "FirebaseFirestoreSwift-Beta";
		};
		F852498A278385E000876F9C /* FirebaseStorage */ = {
			isa = XCSwiftPackageProductDependency;
			package = F8524983278385E000876F9C /* XCRemoteSwiftPackageReference "firebase-ios-sdk" */;
			productName = FirebaseStorage;
		};
		F8D8D843277CD90E00244763 /* SDWebImageSwiftUI */ = {
			isa = XCSwiftPackageProductDependency;
			package = F8D8D842277CD90E00244763 /* XCRemoteSwiftPackageReference "SDWebImageSwiftUI" */;
			productName = SDWebImageSwiftUI;
		};
/* End XCSwiftPackageProductDependency section */
	};
	rootObject = F8D4E72F277A0DF000F55027 /* Project object */;
}
